
Microsoft Visual Studio Solution File, Format Version 12.00
# Visual Studio Version 16
VisualStudioVersion = 16.0.30114.105
MinimumVisualStudioVersion = 10.0.40219.1
Project("{FAE04EC0-301F-11D3-BF4B-00C04F79EFBC}") = "HelloWorld", "hello-world\HelloWorld.csproj", "{A525AFB9-45BE-4695-A4FC-E2A65DB223DD}"
EndProject
Project("{FAE04EC0-301F-11D3-BF4B-00C04F79EFBC}") = "LuciansLusciousLasagna", "lucians-luscious-lasagna\LuciansLusciousLasagna.csproj", "{44ACD8B5-336D-485E-987A-563A48914068}"
EndProject
Project("{FAE04EC0-301F-11D3-BF4B-00C04F79EFBC}") = "AnnalynsInfiltration", "annalyns-infiltration\AnnalynsInfiltration.csproj", "{88B7CBA6-C91B-4417-9D87-A33DEF26891C}"
EndProject
Project("{FAE04EC0-301F-11D3-BF4B-00C04F79EFBC}") = "LogLevels", "log-levels\LogLevels.csproj", "{DC8EEAC7-4708-414E-ADCA-C9B26CB5D4C8}"
EndProject
Project("{FAE04EC0-301F-11D3-BF4B-00C04F79EFBC}") = "LogAnalysis", "log-analysis\LogAnalysis.csproj", "{EAB47F04-6E82-4028-8112-7783AC3C1872}"
EndProject
Project("{FAE04EC0-301F-11D3-BF4B-00C04F79EFBC}") = "CarsAssemble", "cars-assemble\CarsAssemble.csproj", "{151D3591-E913-4A5C-A665-4BCB196281C5}"
EndProject
Project("{FAE04EC0-301F-11D3-BF4B-00C04F79EFBC}") = "ElonsToys", "elons-toys\ElonsToys.csproj", "{E0CE3E80-A724-4E86-B856-8F5E08994EBE}"
EndProject
Project("{FAE04EC0-301F-11D3-BF4B-00C04F79EFBC}") = "RollTheDie", "roll-the-die\RollTheDie.csproj", "{A11EDA2B-D7E4-40FC-A3ED-3D22041A1AE5}"
EndProject
Project("{FAE04EC0-301F-11D3-BF4B-00C04F79EFBC}") = "TimFromMarketing", "tim-from-marketing\TimFromMarketing.csproj", "{EF32F234-D79E-4B54-B9E6-BFED8F611257}"
EndProject
Project("{FAE04EC0-301F-11D3-BF4B-00C04F79EFBC}") = "BirdWatcher", "bird-watcher\BirdWatcher.csproj", "{2B40D158-8830-40D8-901C-C8A50B38F8C1}"
EndProject
Global
	GlobalSection(SolutionConfigurationPlatforms) = preSolution
		Debug|Any CPU = Debug|Any CPU
		Release|Any CPU = Release|Any CPU
	EndGlobalSection
	GlobalSection(SolutionProperties) = preSolution
		HideSolutionNode = FALSE
	EndGlobalSection
	GlobalSection(ProjectConfigurationPlatforms) = postSolution
		{A525AFB9-45BE-4695-A4FC-E2A65DB223DD}.Debug|Any CPU.ActiveCfg = Debug|Any CPU
		{A525AFB9-45BE-4695-A4FC-E2A65DB223DD}.Debug|Any CPU.Build.0 = Debug|Any CPU
		{A525AFB9-45BE-4695-A4FC-E2A65DB223DD}.Release|Any CPU.ActiveCfg = Release|Any CPU
		{A525AFB9-45BE-4695-A4FC-E2A65DB223DD}.Release|Any CPU.Build.0 = Release|Any CPU
		{44ACD8B5-336D-485E-987A-563A48914068}.Debug|Any CPU.ActiveCfg = Debug|Any CPU
		{44ACD8B5-336D-485E-987A-563A48914068}.Debug|Any CPU.Build.0 = Debug|Any CPU
		{44ACD8B5-336D-485E-987A-563A48914068}.Release|Any CPU.ActiveCfg = Release|Any CPU
		{44ACD8B5-336D-485E-987A-563A48914068}.Release|Any CPU.Build.0 = Release|Any CPU
		{88B7CBA6-C91B-4417-9D87-A33DEF26891C}.Debug|Any CPU.ActiveCfg = Debug|Any CPU
		{88B7CBA6-C91B-4417-9D87-A33DEF26891C}.Debug|Any CPU.Build.0 = Debug|Any CPU
		{88B7CBA6-C91B-4417-9D87-A33DEF26891C}.Release|Any CPU.ActiveCfg = Release|Any CPU
		{88B7CBA6-C91B-4417-9D87-A33DEF26891C}.Release|Any CPU.Build.0 = Release|Any CPU
		{DC8EEAC7-4708-414E-ADCA-C9B26CB5D4C8}.Debug|Any CPU.ActiveCfg = Debug|Any CPU
		{DC8EEAC7-4708-414E-ADCA-C9B26CB5D4C8}.Debug|Any CPU.Build.0 = Debug|Any CPU
		{DC8EEAC7-4708-414E-ADCA-C9B26CB5D4C8}.Release|Any CPU.ActiveCfg = Release|Any CPU
		{DC8EEAC7-4708-414E-ADCA-C9B26CB5D4C8}.Release|Any CPU.Build.0 = Release|Any CPU
		{EAB47F04-6E82-4028-8112-7783AC3C1872}.Debug|Any CPU.ActiveCfg = Debug|Any CPU
		{EAB47F04-6E82-4028-8112-7783AC3C1872}.Debug|Any CPU.Build.0 = Debug|Any CPU
		{EAB47F04-6E82-4028-8112-7783AC3C1872}.Release|Any CPU.ActiveCfg = Release|Any CPU
		{EAB47F04-6E82-4028-8112-7783AC3C1872}.Release|Any CPU.Build.0 = Release|Any CPU
		{151D3591-E913-4A5C-A665-4BCB196281C5}.Debug|Any CPU.ActiveCfg = Debug|Any CPU
		{151D3591-E913-4A5C-A665-4BCB196281C5}.Debug|Any CPU.Build.0 = Debug|Any CPU
		{151D3591-E913-4A5C-A665-4BCB196281C5}.Release|Any CPU.ActiveCfg = Release|Any CPU
		{151D3591-E913-4A5C-A665-4BCB196281C5}.Release|Any CPU.Build.0 = Release|Any CPU
		{E0CE3E80-A724-4E86-B856-8F5E08994EBE}.Debug|Any CPU.ActiveCfg = Debug|Any CPU
		{E0CE3E80-A724-4E86-B856-8F5E08994EBE}.Debug|Any CPU.Build.0 = Debug|Any CPU
		{E0CE3E80-A724-4E86-B856-8F5E08994EBE}.Release|Any CPU.ActiveCfg = Release|Any CPU
		{E0CE3E80-A724-4E86-B856-8F5E08994EBE}.Release|Any CPU.Build.0 = Release|Any CPU
		{A11EDA2B-D7E4-40FC-A3ED-3D22041A1AE5}.Debug|Any CPU.ActiveCfg = Debug|Any CPU
		{A11EDA2B-D7E4-40FC-A3ED-3D22041A1AE5}.Debug|Any CPU.Build.0 = Debug|Any CPU
		{A11EDA2B-D7E4-40FC-A3ED-3D22041A1AE5}.Release|Any CPU.ActiveCfg = Release|Any CPU
		{A11EDA2B-D7E4-40FC-A3ED-3D22041A1AE5}.Release|Any CPU.Build.0 = Release|Any CPU
		{EF32F234-D79E-4B54-B9E6-BFED8F611257}.Debug|Any CPU.ActiveCfg = Debug|Any CPU
		{EF32F234-D79E-4B54-B9E6-BFED8F611257}.Debug|Any CPU.Build.0 = Debug|Any CPU
		{EF32F234-D79E-4B54-B9E6-BFED8F611257}.Release|Any CPU.ActiveCfg = Release|Any CPU
		{EF32F234-D79E-4B54-B9E6-BFED8F611257}.Release|Any CPU.Build.0 = Release|Any CPU
		{2B40D158-8830-40D8-901C-C8A50B38F8C1}.Debug|Any CPU.ActiveCfg = Debug|Any CPU
		{2B40D158-8830-40D8-901C-C8A50B38F8C1}.Debug|Any CPU.Build.0 = Debug|Any CPU
		{2B40D158-8830-40D8-901C-C8A50B38F8C1}.Release|Any CPU.ActiveCfg = Release|Any CPU
		{2B40D158-8830-40D8-901C-C8A50B38F8C1}.Release|Any CPU.Build.0 = Release|Any CPU
	EndGlobalSection
EndGlobal
